{
  "lockfileVersion": 1,
  "configVersion": 1,
  "workspaces": {
    "": {
      "name": "published-smoke-node",
      "dependencies": {
        "@cloudflare/workers-types": "^4.20260329.1",
        "@firtoz/collection-sync": "latest",
        "@firtoz/db-helpers": "latest",
        "@firtoz/drizzle-indexeddb": "latest",
        "@firtoz/drizzle-sqlite-wasm": "latest",
        "@firtoz/drizzle-utils": "latest",
        "@firtoz/hono-fetcher": "latest",
        "@firtoz/idb-collections": "latest",
        "@firtoz/maybe-error": "latest",
        "@firtoz/socka": "latest",
        "@firtoz/worker-helper": "latest",
        "@openrouter/sdk": "^0.10.2",
        "@standard-schema/spec": "^1.1.0",
        "@tanstack/db": "^0.6.4",
        "@tanstack/react-db": "^0.1.82",
        "drizzle-orm": "^0.45.2",
        "drizzle-valibot": "^0.4.2",
        "hono": "^4.12.9",
        "msgpackr": "^1.11.9",
        "react": "^19.2.7",
        "react-dom": "^19.2.7",
        "react-router": "^8.1.0",
        "valibot": "^1.3.1",
        "ws": "^8.18.0",
        "zod": "^4.3.6",
        "zod-form-data": "^3.0.1",
      },
    },
  },
  "packages": {
    "@cloudflare/workers-types": ["@cloudflare/workers-types@4.20260415.1", "", {}, "sha512-9sEq9cZzr4s075U/TfjvdSmiX+u2NMOAIcFcCfd24FDtPfR7Iw3SbuQxkcgtpx/Bvg0au9PmQ0ZJfBaIitG0gw=="],

    "@firtoz/collection-sync": ["@firtoz/collection-sync@6.0.0", "", { "dependencies": { "@firtoz/db-helpers": "^2.2.0", "@firtoz/maybe-error": "^1.6.0", "zod": "^4.3.6" }, "peerDependencies": { "@firtoz/websocket-do": "^13.0.0", "@standard-schema/spec": ">=1.1.0", "@tanstack/db": ">=0.6.3", "@tanstack/react-db": ">=0.1.82", "react": ">=19.2.4" } }, "sha512-aPzZ9J+ZPOS9V4Fc+0FD7tQa6Nsctn6YSVvqwO41LV63hclarCVgnM+BY2oDWWLdcjBwDeNhZOdbBUOW4hIc8Q=="],

    "@firtoz/db-helpers": ["@firtoz/db-helpers@2.2.0", "", { "dependencies": { "@firtoz/maybe-error": "^1.6.0" }, "peerDependencies": { "@standard-schema/spec": ">=1.1.0", "@tanstack/db": ">=0.6.3" } }, "sha512-j56WgXugCIvgasIfFMCru+DRB/2u4HVi5LzBtdUcnpna1hNC7qaA00QgHwW/RYOSPmcmjBCdZebOgkX5mejQjA=="],

    "@firtoz/drizzle-indexeddb": ["@firtoz/drizzle-indexeddb@5.0.0", "", { "dependencies": { "@firtoz/db-helpers": "^2.2.0", "@firtoz/idb-collections": "^0.3.0", "@firtoz/maybe-error": "^1.6.0", "citty": "^0.2.1" }, "peerDependencies": { "@firtoz/drizzle-utils": ">=1.3.0", "@tanstack/db": ">=0.6.3", "drizzle-orm": ">=0.45.2", "drizzle-valibot": ">=0.4.0", "react": ">=19.2.4", "valibot": ">=1.3.1" }, "bin": { "drizzle-indexeddb-generate": "dist/bin/generate-migrations.js" } }, "sha512-URpS7qDdow3c0kOWi/989FeCEiWU0M2oJF2BOViDYBLHosA1nY4/4M0KCZUvaunIBxaVKSSb9pDOlurzOJBLKA=="],

    "@firtoz/drizzle-sqlite-wasm": ["@firtoz/drizzle-sqlite-wasm@1.1.1", "", { "dependencies": { "@firtoz/collection-sync": "^6.0.0", "@firtoz/db-helpers": "^2.2.0", "@firtoz/drizzle-utils": "^1.3.0", "@firtoz/maybe-error": "^1.6.0", "@firtoz/worker-helper": "^1.6.0", "@sqlite.org/sqlite-wasm": "^3.51.2-build8", "@tanstack/db": "^0.6.4", "drizzle-orm": "^0.45.2", "drizzle-valibot": "^0.4.2", "react": "^19.2.4", "valibot": "^1.3.1", "zod": "^4.3.6" } }, "sha512-D+40qDJ8gAbD3jQiGvPDxeK92dI9fp7AiMPjjhob55zzG7YNyOBpJbuCnN8yGS7aOyhA1+9zUVoOQ3WE/rsGXg=="],

    "@firtoz/drizzle-utils": ["@firtoz/drizzle-utils@1.3.0", "", { "dependencies": { "@firtoz/db-helpers": "^2.2.0", "@firtoz/maybe-error": "^1.6.0" }, "peerDependencies": { "@tanstack/db": ">=0.6.3", "drizzle-orm": ">=0.45.2", "drizzle-valibot": ">=0.4.0", "valibot": ">=1.3.1" } }, "sha512-iLQtRGN0BGzL3Z4jXSoKuJfMHgNvbFvzavXl8eZx2GxBDL64kOwdxiscxHsivrQ2FgwhStlup3q4HnbJNEWd4g=="],

    "@firtoz/hono-fetcher": ["@firtoz/hono-fetcher@2.7.0", "", { "peerDependencies": { "@cloudflare/workers-types": "^4.20260329.1", "hono": "^4.12.9" } }, "sha512-81RwMfPlYQCXMxoax5FURDcUzVXx1dQwp8z9IqGInwgxP1vjs1NLAf1ZqIPK9wfWQESoA5zuehwrl3RudktXTw=="],

    "@firtoz/idb-collections": ["@firtoz/idb-collections@0.3.0", "", { "dependencies": { "@firtoz/db-helpers": "^2.2.0" }, "peerDependencies": { "@standard-schema/spec": ">=1.1.0", "@tanstack/db": ">=0.6.3" } }, "sha512-P4pvth/TPU+t0WYJ9S+x8MFncsu7fhGd1BeA8QGhy4lCSvj8wvflD9gl5PQrz+H8scJ2M0JgXvBpG/2zxpgu0A=="],

    "@firtoz/maybe-error": ["@firtoz/maybe-error@1.6.0", "", {}, "sha512-KA8yC2H3ph3/pZ44+QDRKuocpxWHoPw/sYtLhy58mgX9i1H2TyRHGfoVzW1pATRPG/wQ5eyvTxMJE+80qiKE9w=="],

    "@firtoz/socka": ["@firtoz/socka@2.0.0", "", { "dependencies": { "@firtoz/maybe-error": "^1.6.0", "@standard-schema/spec": "^1.1.0", "msgpackr": "^1.11.9" }, "peerDependencies": { "@cloudflare/workers-types": "^4.20260329.1", "@firtoz/websocket-do": "^13.0.0", "@hono/node-server": "^1.19.2", "@hono/node-ws": "^1.3.0", "hono": "^4.12.9", "react": "^19.2.4", "ws": "^8.18.0" }, "optionalPeers": ["@cloudflare/workers-types", "@firtoz/websocket-do", "@hono/node-server", "@hono/node-ws", "hono", "react", "ws"] }, "sha512-VCyw+PeovUoFUyg3zD4vGWBKWjokF3qCX8Bd8PVqpG43DZdfJRc8X+HjPo1jN0EV5WyKYJvF6/dhBVA8aS2Rng=="],

    "@firtoz/websocket-do": ["@firtoz/websocket-do@13.0.0", "", { "dependencies": { "@standard-schema/spec": "^1.1.0", "msgpackr": "^1.11.9" }, "peerDependencies": { "@cloudflare/workers-types": "^4.20260329.1", "@firtoz/hono-fetcher": "^2.7.0", "hono": "^4.12.9", "react": ">=18.0.0" }, "optionalPeers": ["react"] }, "sha512-xEZrQrUj08HBYPIia8kN28YcVp3Vvt29KBVtb5zkSUCWPl489JsuqQPgKQlhCIUYVBrUmWKswPT7VCGlvZVbYQ=="],

    "@firtoz/worker-helper": ["@firtoz/worker-helper@1.6.0", "", { "dependencies": { "zod": "^4.3.6" }, "bin": { "cf-typegen": "dist/cf-typegen.js" } }, "sha512-6f7ULyN9zFLagEo4JV8qAfLjXY7yBBd1e1tyd0Mng0WlAij1mchFCg2JThYQsyVk1jeUZWLvJuK5ny7U1AOyQQ=="],

    "@msgpackr-extract/msgpackr-extract-darwin-arm64": ["@msgpackr-extract/msgpackr-extract-darwin-arm64@3.0.3", "", { "os": "darwin", "cpu": "arm64" }, "sha512-QZHtlVgbAdy2zAqNA9Gu1UpIuI8Xvsd1v8ic6B2pZmeFnFcMWiPLfWXh7TVw4eGEZ/C9TH281KwhVoeQUKbyjw=="],

    "@msgpackr-extract/msgpackr-extract-darwin-x64": ["@msgpackr-extract/msgpackr-extract-darwin-x64@3.0.3", "", { "os": "darwin", "cpu": "x64" }, "sha512-mdzd3AVzYKuUmiWOQ8GNhl64/IoFGol569zNRdkLReh6LRLHOXxU4U8eq0JwaD8iFHdVGqSy4IjFL4reoWCDFw=="],

    "@msgpackr-extract/msgpackr-extract-linux-arm": ["@msgpackr-extract/msgpackr-extract-linux-arm@3.0.3", "", { "os": "linux", "cpu": "arm" }, "sha512-fg0uy/dG/nZEXfYilKoRe7yALaNmHoYeIoJuJ7KJ+YyU2bvY8vPv27f7UKhGRpY6euFYqEVhxCFZgAUNQBM3nw=="],

    "@msgpackr-extract/msgpackr-extract-linux-arm64": ["@msgpackr-extract/msgpackr-extract-linux-arm64@3.0.3", "", { "os": "linux", "cpu": "arm64" }, "sha512-YxQL+ax0XqBJDZiKimS2XQaf+2wDGVa1enVRGzEvLLVFeqa5kx2bWbtcSXgsxjQB7nRqqIGFIcLteF/sHeVtQg=="],

    "@msgpackr-extract/msgpackr-extract-linux-x64": ["@msgpackr-extract/msgpackr-extract-linux-x64@3.0.3", "", { "os": "linux", "cpu": "x64" }, "sha512-cvwNfbP07pKUfq1uH+S6KJ7dT9K8WOE4ZiAcsrSes+UY55E/0jLYc+vq+DO7jlmqRb5zAggExKm0H7O/CBaesg=="],

    "@msgpackr-extract/msgpackr-extract-win32-x64": ["@msgpackr-extract/msgpackr-extract-win32-x64@3.0.3", "", { "os": "win32", "cpu": "x64" }, "sha512-x0fWaQtYp4E6sktbsdAqnehxDgEc/VwM7uLsRCYWaiGu0ykYdZPiS8zCWdnjHwyiumousxfBm4SO31eXqwEZhQ=="],

    "@openrouter/sdk": ["@openrouter/sdk@0.10.2", "", { "dependencies": { "zod": "^3.25.0 || ^4.0.0" } }, "sha512-od0aWkk+vhndEI78YyPvPgMxv2+32KO4MRrk8lFxro/YABKAHkozXugc+x3YeNf/d9KQaBO6M4Rut1uf+yeD2g=="],

    "@rvf/set-get": ["@rvf/set-get@7.0.1", "", {}, "sha512-GkTSn9K1GrTYoTUqlUs36k6nJnzjQaFBTTEIqUYmzBcsGsoJM8xG7EAx2WLHWAA4QzFjcwWUSHQ3vM3Fbw50Tg=="],

    "@sqlite.org/sqlite-wasm": ["@sqlite.org/sqlite-wasm@3.51.2-build9", "", {}, "sha512-tj2Sa6X4gVZqS9SiT2xlEeChSUklSGq8Hz6zKNbHW6NRiGyrSXiFcspnrWru1wPBT76RX/VxweESKxawCxfDxg=="],

    "@standard-schema/spec": ["@standard-schema/spec@1.1.0", "", {}, "sha512-l2aFy5jALhniG5HgqrD6jXLi/rUWrKvqN/qJx6yoJsgKhblVd+iqqU4RCXavm/jPityDo5TCvKMnpjKnOriy0w=="],

    "@tanstack/db": ["@tanstack/db@0.6.5", "", { "dependencies": { "@standard-schema/spec": "^1.1.0", "@tanstack/db-ivm": "0.1.18", "@tanstack/pacer-lite": "^0.2.1" }, "peerDependencies": { "typescript": ">=4.7" } }, "sha512-gtCuAo4UtC9SR/kTMu5fVEff6qZ2R1FZi9X7MybtHKA6wve7RePifGG6qBI4OmMB+7juT5/+glNbnqZOrG0/pg=="],

    "@tanstack/db-ivm": ["@tanstack/db-ivm@0.1.18", "", { "dependencies": { "fractional-indexing": "^3.2.0", "sorted-btree": "^1.8.1" }, "peerDependencies": { "typescript": ">=4.7" } }, "sha512-+pZJiRKdoKRM5Epq9T7otD9ZJl82pRFauo7LKuJGrarjVKQ7r+QQlPe3kGdN9LEKSnuNGIWjX9OOY4M8kH4eLw=="],

    "@tanstack/pacer-lite": ["@tanstack/pacer-lite@0.2.1", "", {}, "sha512-3PouiFjR4B6x1c969/Pl4ZIJleof1M0n6fNX8NRiC9Sqv1g06CVDlEaXUR4212ycGFyfq4q+t8Gi37Xy+z34iQ=="],

    "@tanstack/react-db": ["@tanstack/react-db@0.1.83", "", { "dependencies": { "@tanstack/db": "0.6.5", "use-sync-external-store": "^1.6.0" }, "peerDependencies": { "react": ">=16.8.0" } }, "sha512-LNV0C7OARazooT2hLTr5anXo6tbEyX2rHZQ0j9HZ/iNBI+Tx/y19o5Nd3ooyAYz5LEHJJxb8iM8ZTVB/diGnXw=="],

    "citty": ["citty@0.2.2", "", {}, "sha512-+6vJA3L98yv+IdfKGZHBNiGW5KHn22e/JwID0Strsz8h4S/csAu/OuICwxrg44k5MRiZHWIo8XXuJgQTriRP4w=="],

    "cookie-es": ["cookie-es@3.1.1", "", {}, "sha512-UaXxwISYJPTr9hwQxMFYZ7kNhSXboMXP+Z3TRX6f1/NyaGPfuNUZOWP1pUEb75B2HjfklIYLVRfWiFZJyC6Npg=="],

    "detect-libc": ["detect-libc@2.1.2", "", {}, "sha512-Btj2BOOO83o3WyH59e8MgXsxEQVcarkUOpEYrubB0urwnN10yQ364rsiByU11nZlqWYZm05i/of7io4mzihBtQ=="],

    "drizzle-orm": ["drizzle-orm@0.45.2", "", { "peerDependencies": { "@aws-sdk/client-rds-data": ">=3", "@cloudflare/workers-types": ">=4", "@electric-sql/pglite": ">=0.2.0", "@libsql/client": ">=0.10.0", "@libsql/client-wasm": ">=0.10.0", "@neondatabase/serverless": ">=0.10.0", "@op-engineering/op-sqlite": ">=2", "@opentelemetry/api": "^1.4.1", "@planetscale/database": ">=1.13", "@prisma/client": "*", "@tidbcloud/serverless": "*", "@types/better-sqlite3": "*", "@types/pg": "*", "@types/sql.js": "*", "@upstash/redis": ">=1.34.7", "@vercel/postgres": ">=0.8.0", "@xata.io/client": "*", "better-sqlite3": ">=7", "bun-types": "*", "expo-sqlite": ">=14.0.0", "gel": ">=2", "knex": "*", "kysely": "*", "mysql2": ">=2", "pg": ">=8", "postgres": ">=3", "sql.js": ">=1", "sqlite3": ">=5" }, "optionalPeers": ["@aws-sdk/client-rds-data", "@cloudflare/workers-types", "@electric-sql/pglite", "@libsql/client", "@libsql/client-wasm", "@neondatabase/serverless", "@op-engineering/op-sqlite", "@opentelemetry/api", "@planetscale/database", "@prisma/client", "@tidbcloud/serverless", "@types/better-sqlite3", "@types/pg", "@types/sql.js", "@upstash/redis", "@vercel/postgres", "@xata.io/client", "better-sqlite3", "bun-types", "expo-sqlite", "gel", "knex", "kysely", "mysql2", "pg", "postgres", "sql.js", "sqlite3"] }, "sha512-kY0BSaTNYWnoDMVoyY8uxmyHjpJW1geOmBMdSSicKo9CIIWkSxMIj2rkeSR51b8KAPB7m+qysjuHme5nKP+E5Q=="],

    "drizzle-valibot": ["drizzle-valibot@0.4.2", "", { "peerDependencies": { "drizzle-orm": ">=0.36.0", "valibot": ">=1.0.0-beta.7" } }, "sha512-tzjT7g0Di/HX7426marIy8IDtWODjPgrwvgscdevLQRUe5rzYzRhx6bDsYLdDFF9VI/eaYgnjNeF/fznWJoUjg=="],

    "fractional-indexing": ["fractional-indexing@3.2.0", "", {}, "sha512-PcOxmqwYCW7O2ovKRU8OoQQj2yqTfEB/yeTYk4gPid6dN5ODRfU1hXd9tTVZzax/0NkO7AxpHykvZnT1aYp/BQ=="],

    "hono": ["hono@4.12.14", "", {}, "sha512-am5zfg3yu6sqn5yjKBNqhnTX7Cv+m00ox+7jbaKkrLMRJ4rAdldd1xPd/JzbBWspqaQv6RSTrgFN95EsfhC+7w=="],

    "msgpackr": ["msgpackr@1.11.9", "", { "optionalDependencies": { "msgpackr-extract": "^3.0.2" } }, "sha512-FkoAAyyA6HM8wL882EcEyFZ9s7hVADSwG9xrVx3dxxNQAtgADTrJoEWivID82Iv1zWDsv/OtbrrcZAzGzOMdNw=="],

    "msgpackr-extract": ["msgpackr-extract@3.0.3", "", { "dependencies": { "node-gyp-build-optional-packages": "5.2.2" }, "optionalDependencies": { "@msgpackr-extract/msgpackr-extract-darwin-arm64": "3.0.3", "@msgpackr-extract/msgpackr-extract-darwin-x64": "3.0.3", "@msgpackr-extract/msgpackr-extract-linux-arm": "3.0.3", "@msgpackr-extract/msgpackr-extract-linux-arm64": "3.0.3", "@msgpackr-extract/msgpackr-extract-linux-x64": "3.0.3", "@msgpackr-extract/msgpackr-extract-win32-x64": "3.0.3" }, "bin": { "download-msgpackr-prebuilds": "bin/download-prebuilds.js" } }, "sha512-P0efT1C9jIdVRefqjzOQ9Xml57zpOXnIuS+csaB4MdZbTdmGDLo8XhzBG1N7aO11gKDDkJvBLULeFTo46wwreA=="],

    "node-gyp-build-optional-packages": ["node-gyp-build-optional-packages@5.2.2", "", { "dependencies": { "detect-libc": "^2.0.1" }, "bin": { "node-gyp-build-optional-packages": "bin.js", "node-gyp-build-optional-packages-optional": "optional.js", "node-gyp-build-optional-packages-test": "build-test.js" } }, "sha512-s+w+rBWnpTMwSFbaE0UXsRlg7hU4FjekKU4eyAih5T8nJuNZT1nNsskXpxmeqSK9UzkBl6UgRlnKc8hz8IEqOw=="],

    "react": ["react@19.2.7", "", {}, "sha512-HNe9WslTbXmFK8o8cmwgAeJFSBvt1bPdHCVKtaaV+WlAN36mpT4hcRpwbf3fY56ar2oIXzsBpOAiIRHAdY0OlQ=="],

    "react-dom": ["react-dom@19.2.7", "", { "dependencies": { "scheduler": "^0.27.0" }, "peerDependencies": { "react": "^19.2.7" } }, "sha512-t0BRVXvbiE/o20Hfw669rLbMCDWtYZLvmJigy2f0MxsXF+71pxhR3xOkspmsO8h3ZlNzyibAmtCa3l4lYKk6gQ=="],

    "react-router": ["react-router@8.1.0", "", { "dependencies": { "cookie-es": "^3.1.1" }, "peerDependencies": { "react": ">=19.2.7", "react-dom": ">=19.2.7" }, "optionalPeers": ["react-dom"] }, "sha512-Mdfi61uObuvWNN9OhChOC0HV6YWOIfKRzEWOvCHRSuQg8IM+Nv10edaM/2HE8ZixBpUTdQbruyWqC3sDkkh9vw=="],

    "scheduler": ["scheduler@0.27.0", "", {}, "sha512-eNv+WrVbKu1f3vbYJT/xtiF5syA5HPIMtf9IgY/nKg0sWqzAUEvqY/xm7OcZc/qafLx/iO9FgOmeSAp4v5ti/Q=="],

    "sorted-btree": ["sorted-btree@1.8.1", "", {}, "sha512-395+XIP+wqNn3USkFSrNz7G3Ss/MXlZEqesxvzCRFwL14h6e8LukDHdLBePn5pwbm5OQ9vGu8mDyz2lLDIqamQ=="],

    "typescript": ["typescript@6.0.2", "", { "bin": { "tsc": "bin/tsc", "tsserver": "bin/tsserver" } }, "sha512-bGdAIrZ0wiGDo5l8c++HWtbaNCWTS4UTv7RaTH/ThVIgjkveJt83m74bBHMJkuCbslY8ixgLBVZJIOiQlQTjfQ=="],

    "use-sync-external-store": ["use-sync-external-store@1.6.0", "", { "peerDependencies": { "react": "^16.8.0 || ^17.0.0 || ^18.0.0 || ^19.0.0" } }, "sha512-Pp6GSwGP/NrPIrxVFAIkOQeyw8lFenOHijQWkUTrDvrF4ALqylP2C/KCkeS9dpUM3KvYRQhna5vt7IL95+ZQ9w=="],

    "valibot": ["valibot@1.3.1", "", { "peerDependencies": { "typescript": ">=5" }, "optionalPeers": ["typescript"] }, "sha512-sfdRir/QFM0JaF22hqTroPc5xy4DimuGQVKFrzF1YfGwaS1nJot3Y8VqMdLO2Lg27fMzat2yD3pY5PbAYO39Gg=="],

    "ws": ["ws@8.20.0", "", { "peerDependencies": { "bufferutil": "^4.0.1", "utf-8-validate": ">=5.0.2" }, "optionalPeers": ["bufferutil", "utf-8-validate"] }, "sha512-sAt8BhgNbzCtgGbt2OxmpuryO63ZoDk/sqaB/znQm94T4fCEsy/yV+7CdC1kJhOU9lboAEU7R3kquuycDoibVA=="],

    "zod": ["zod@4.3.6", "", {}, "sha512-rftlrkhHZOcjDwkGlnUtZZkvaPHCsDATp4pGpuOOMDaTdDDXF91wuVDJoWoPsKX/3YPQ5fHuF3STjcYyKr+Qhg=="],

    "zod-form-data": ["zod-form-data@3.0.1", "", { "dependencies": { "@rvf/set-get": "^7.0.0" }, "peerDependencies": { "zod": ">= 3.25.0" } }, "sha512-uwSrDzpLDoXeAxePjPHrjjMelE5pk5zL5JcwLFISvqidGjtPl7hcheH584xGcS76c9IRHq6tqdGkf+A4eKO6Cw=="],

    "@firtoz/drizzle-sqlite-wasm/react": ["react@19.2.5", "", {}, "sha512-llUJLzz1zTUBrskt2pwZgLq59AemifIftw4aB7JxOqf1HY2FDaGDxgwpAPVzHU1kdWabH7FauP4i1oEeer2WCA=="],
  }
}
